
Microsoft Visual Studio Solution File, Format Version 12.00
# Visual Studio 2012
Project("{FAE04EC0-301F-11D3-BF4B-00C04F79EFBC}") = "XONE RADIO", "XONE RADIO\XONE RADIO.csproj", "{d0b3d90a-39aa-4d17-8ee0-f9c1f5932681}"
EndProject
Global
	GlobalSection(SolutionConfigurationPlatforms) = preSolution
		Debug|Any CPU = Debug|Any CPU
		Release|Any CPU = Release|Any CPU
	EndGlobalSection
	GlobalSection(ProjectConfigurationPlatforms) = postSolution
		{D0B3D90A-39AA-4D17-8EE0-F9C1F5932681}.Debug|Any CPU.ActiveCfg = Debug|Any CPU
		{D0B3D90A-39AA-4D17-8EE0-F9C1F5932681}.Debug|Any CPU.Build.0 = Debug|Any CPU
		{D0B3D90A-39AA-4D17-8EE0-F9C1F5932681}.Debug|Any CPU.Deploy.0 = Debug|Any CPU
		{D0B3D90A-39AA-4D17-8EE0-F9C1F5932681}.Release|Any CPU.ActiveCfg = Release|Any CPU
		{D0B3D90A-39AA-4D17-8EE0-F9C1F5932681}.Release|Any CPU.Build.0 = Release|Any CPU
		{D0B3D90A-39AA-4D17-8EE0-F9C1F5932681}.Release|Any CPU.Deploy.0 = Release|Any CPU
	EndGlobalSection
EndGlobal
